// !$*UTF8*$!
{
	archiveVersion = 1;
	classes = {
	};
	objectVersion = 56;
	objects = {

/* Begin PBXBuildFile section */
		423B0C372BCFBFD20030AD65 /* CondoRented_OwnerApp.swift in Sources */ = {isa = PBXBuildFile; fileRef = 423B0C362BCFBFD20030AD65 /* CondoRented_OwnerApp.swift */; };
		423B0C392BCFBFD20030AD65 /* ContentView.swift in Sources */ = {isa = PBXBuildFile; fileRef = 423B0C382BCFBFD20030AD65 /* ContentView.swift */; };
		423B0C3D2BCFBFD30030AD65 /* Assets.xcassets in Resources */ = {isa = PBXBuildFile; fileRef = 423B0C3C2BCFBFD30030AD65 /* Assets.xcassets */; };
		423B0C412BCFBFD30030AD65 /* Preview Assets.xcassets in Resources */ = {isa = PBXBuildFile; fileRef = 423B0C402BCFBFD30030AD65 /* Preview Assets.xcassets */; };
		423B0C4B2BCFBFD30030AD65 /* CondoRented_OwnerTests.swift in Sources */ = {isa = PBXBuildFile; fileRef = 423B0C4A2BCFBFD30030AD65 /* CondoRented_OwnerTests.swift */; };
		423B0C552BCFBFD30030AD65 /* CondoRented_OwnerUITests.swift in Sources */ = {isa = PBXBuildFile; fileRef = 423B0C542BCFBFD30030AD65 /* CondoRented_OwnerUITests.swift */; };
		423B0C572BCFBFD30030AD65 /* CondoRented_OwnerUITestsLaunchTests.swift in Sources */ = {isa = PBXBuildFile; fileRef = 423B0C562BCFBFD30030AD65 /* CondoRented_OwnerUITestsLaunchTests.swift */; };
		423B0C672BCFC1B30030AD65 /* Currency.swift in Sources */ = {isa = PBXBuildFile; fileRef = 423B0C662BCFC1B30030AD65 /* Currency.swift */; };
		423B0C692BCFC2D00030AD65 /* Transaction.swift in Sources */ = {isa = PBXBuildFile; fileRef = 423B0C682BCFC2D00030AD65 /* Transaction.swift */; };
		423B0C6F2BCFCAD30030AD65 /* AdminFee.swift in Sources */ = {isa = PBXBuildFile; fileRef = 423B0C6E2BCFCAD30030AD65 /* AdminFee.swift */; };
		423B0C712BCFCB6F0030AD65 /* Listing.swift in Sources */ = {isa = PBXBuildFile; fileRef = 423B0C702BCFCB6F0030AD65 /* Listing.swift */; };
		423B0C732BD021280030AD65 /* ModelContainer.swift in Sources */ = {isa = PBXBuildFile; fileRef = 423B0C722BD021280030AD65 /* ModelContainer.swift */; };
		423B0C752BD18DF80030AD65 /* AddEditListingView.swift in Sources */ = {isa = PBXBuildFile; fileRef = 423B0C742BD18DF80030AD65 /* AddEditListingView.swift */; };
		423B0C7A2BD96F370030AD65 /* AdminFeeDetail.swift in Sources */ = {isa = PBXBuildFile; fileRef = 423B0C792BD96F370030AD65 /* AdminFeeDetail.swift */; };
		423B0C7C2BD974A00030AD65 /* NewAdminFeeView.swift in Sources */ = {isa = PBXBuildFile; fileRef = 423B0C7B2BD974A00030AD65 /* NewAdminFeeView.swift */; };
		423B0C7E2BE279190030AD65 /* Admin.swift in Sources */ = {isa = PBXBuildFile; fileRef = 423B0C7D2BE279190030AD65 /* Admin.swift */; };
		423B0D082BE958D70030AD65 /* TransactionSummaryListView.swift in Sources */ = {isa = PBXBuildFile; fileRef = 423B0D072BE958D70030AD65 /* TransactionSummaryListView.swift */; };
		423B0D0A2BE9593D0030AD65 /* TransactionSummaryListMonth.swift in Sources */ = {isa = PBXBuildFile; fileRef = 423B0D092BE9593D0030AD65 /* TransactionSummaryListMonth.swift */; };
		423B0D0C2BEA29DC0030AD65 /* TransactionHelper.swift in Sources */ = {isa = PBXBuildFile; fileRef = 423B0D0B2BEA29DC0030AD65 /* TransactionHelper.swift */; };
		423B0D242BF35C5E0030AD65 /* TransactionSummaryListViewModel.swift in Sources */ = {isa = PBXBuildFile; fileRef = 423B0D232BF35C5E0030AD65 /* TransactionSummaryListViewModel.swift */; };
		423B0D272BF364170030AD65 /* TransactionDataSource.swift in Sources */ = {isa = PBXBuildFile; fileRef = 423B0D262BF364170030AD65 /* TransactionDataSource.swift */; };
		423B0D2A2BF52E1B0030AD65 /* AddEditTransactionView.swift in Sources */ = {isa = PBXBuildFile; fileRef = 423B0D292BF52E1B0030AD65 /* AddEditTransactionView.swift */; };
		423B0D2C2BF52E270030AD65 /* AddEditTransactionViewModel.swift in Sources */ = {isa = PBXBuildFile; fileRef = 423B0D2B2BF52E270030AD65 /* AddEditTransactionViewModel.swift */; };
		423B0D312BF535F20030AD65 /* ListingDataSource.swift in Sources */ = {isa = PBXBuildFile; fileRef = 423B0D302BF535F20030AD65 /* ListingDataSource.swift */; };
		423B0D332BF605DB0030AD65 /* AppDataSource.swift in Sources */ = {isa = PBXBuildFile; fileRef = 423B0D322BF605DB0030AD65 /* AppDataSource.swift */; };
		423B0D352BF647020030AD65 /* TransactionCoordinator.swift in Sources */ = {isa = PBXBuildFile; fileRef = 423B0D342BF647020030AD65 /* TransactionCoordinator.swift */; };
		423B0D382BFFA55F0030AD65 /* TransactionMonthDetailView.swift in Sources */ = {isa = PBXBuildFile; fileRef = 423B0D372BFFA55F0030AD65 /* TransactionMonthDetailView.swift */; };
		423B0D3A2BFFB0C10030AD65 /* TransactionMonthDetailViewModel.swift in Sources */ = {isa = PBXBuildFile; fileRef = 423B0D392BFFB0C10030AD65 /* TransactionMonthDetailViewModel.swift */; };
		423B0D3B2C011FBA0030AD65 /* Admin.swift in Sources */ = {isa = PBXBuildFile; fileRef = 423B0C7D2BE279190030AD65 /* Admin.swift */; };
		423B0D3C2C011FBA0030AD65 /* Listing.swift in Sources */ = {isa = PBXBuildFile; fileRef = 423B0C702BCFCB6F0030AD65 /* Listing.swift */; };
		423B0D3D2C011FBA0030AD65 /* Currency.swift in Sources */ = {isa = PBXBuildFile; fileRef = 423B0C662BCFC1B30030AD65 /* Currency.swift */; };
		423B0D3E2C011FBA0030AD65 /* AdminFee.swift in Sources */ = {isa = PBXBuildFile; fileRef = 423B0C6E2BCFCAD30030AD65 /* AdminFee.swift */; };
		423B0D3F2C011FBA0030AD65 /* Transaction.swift in Sources */ = {isa = PBXBuildFile; fileRef = 423B0C682BCFC2D00030AD65 /* Transaction.swift */; };
		423B0D402C011FBA0030AD65 /* ModelContainer.swift in Sources */ = {isa = PBXBuildFile; fileRef = 423B0C722BD021280030AD65 /* ModelContainer.swift */; };
		423B0D412C011FD30030AD65 /* AppDataSource.swift in Sources */ = {isa = PBXBuildFile; fileRef = 423B0D322BF605DB0030AD65 /* AppDataSource.swift */; };
		423B0D422C011FD30030AD65 /* TransactionDataSource.swift in Sources */ = {isa = PBXBuildFile; fileRef = 423B0D262BF364170030AD65 /* TransactionDataSource.swift */; };
		423B0D432C011FD30030AD65 /* ListingDataSource.swift in Sources */ = {isa = PBXBuildFile; fileRef = 423B0D302BF535F20030AD65 /* ListingDataSource.swift */; };
		423B0D442C0120090030AD65 /* TransactionHelper.swift in Sources */ = {isa = PBXBuildFile; fileRef = 423B0D0B2BEA29DC0030AD65 /* TransactionHelper.swift */; };
		423B0D462C0655C10030AD65 /* MonthTransactionsChartPieView.swift in Sources */ = {isa = PBXBuildFile; fileRef = 423B0D452C0655C10030AD65 /* MonthTransactionsChartPieView.swift */; };
		428481F32C32B18C006336A1 /* FirebaseAnalytics in Frameworks */ = {isa = PBXBuildFile; productRef = 428481F22C32B18C006336A1 /* FirebaseAnalytics */; };
		428481F52C32B18C006336A1 /* FirebaseAnalyticsSwift in Frameworks */ = {isa = PBXBuildFile; productRef = 428481F42C32B18C006336A1 /* FirebaseAnalyticsSwift */; };
		428481F72C32B18C006336A1 /* FirebaseCrashlytics in Frameworks */ = {isa = PBXBuildFile; productRef = 428481F62C32B18C006336A1 /* FirebaseCrashlytics */; };
		428481F92C32B18C006336A1 /* FirebaseDatabase in Frameworks */ = {isa = PBXBuildFile; productRef = 428481F82C32B18C006336A1 /* FirebaseDatabase */; };
		428481FB2C32B18C006336A1 /* FirebaseDatabaseSwift in Frameworks */ = {isa = PBXBuildFile; productRef = 428481FA2C32B18C006336A1 /* FirebaseDatabaseSwift */; };
		428481FD2C32B18C006336A1 /* FirebaseFirestore in Frameworks */ = {isa = PBXBuildFile; productRef = 428481FC2C32B18C006336A1 /* FirebaseFirestore */; };
		428481FF2C32B18C006336A1 /* FirebaseFirestoreCombine-Community in Frameworks */ = {isa = PBXBuildFile; productRef = 428481FE2C32B18C006336A1 /* FirebaseFirestoreCombine-Community */; };
		428482012C32B18C006336A1 /* FirebaseFirestoreSwift in Frameworks */ = {isa = PBXBuildFile; productRef = 428482002C32B18C006336A1 /* FirebaseFirestoreSwift */; };
		428482032C32B362006336A1 /* GoogleService-Info.plist in Resources */ = {isa = PBXBuildFile; fileRef = 428482022C32B362006336A1 /* GoogleService-Info.plist */; };
/* End PBXBuildFile section */

/* Begin PBXContainerItemProxy section */
		423B0C472BCFBFD30030AD65 /* PBXContainerItemProxy */ = {
			isa = PBXContainerItemProxy;
			containerPortal = 423B0C2B2BCFBFD10030AD65 /* Project object */;
			proxyType = 1;
			remoteGlobalIDString = 423B0C322BCFBFD10030AD65;
			remoteInfo = CondoRented_Owner;
		};
		423B0C512BCFBFD30030AD65 /* PBXContainerItemProxy */ = {
			isa = PBXContainerItemProxy;
			containerPortal = 423B0C2B2BCFBFD10030AD65 /* Project object */;
			proxyType = 1;
			remoteGlobalIDString = 423B0C322BCFBFD10030AD65;
			remoteInfo = CondoRented_Owner;
		};
/* End PBXContainerItemProxy section */

/* Begin PBXFileReference section */
		423B0C332BCFBFD10030AD65 /* CondoRented_Owner.app */ = {isa = PBXFileReference; explicitFileType = wrapper.application; includeInIndex = 0; path = CondoRented_Owner.app; sourceTree = BUILT_PRODUCTS_DIR; };
		423B0C362BCFBFD20030AD65 /* CondoRented_OwnerApp.swift */ = {isa = PBXFileReference; lastKnownFileType = sourcecode.swift; path = CondoRented_OwnerApp.swift; sourceTree = "<group>"; };
		423B0C382BCFBFD20030AD65 /* ContentView.swift */ = {isa = PBXFileReference; lastKnownFileType = sourcecode.swift; path = ContentView.swift; sourceTree = "<group>"; };
		423B0C3C2BCFBFD30030AD65 /* Assets.xcassets */ = {isa = PBXFileReference; lastKnownFileType = folder.assetcatalog; path = Assets.xcassets; sourceTree = "<group>"; };
		423B0C3E2BCFBFD30030AD65 /* CondoRented_Owner.entitlements */ = {isa = PBXFileReference; lastKnownFileType = text.plist.entitlements; path = CondoRented_Owner.entitlements; sourceTree = "<group>"; };
		423B0C402BCFBFD30030AD65 /* Preview Assets.xcassets */ = {isa = PBXFileReference; lastKnownFileType = folder.assetcatalog; path = "Preview Assets.xcassets"; sourceTree = "<group>"; };
		423B0C462BCFBFD30030AD65 /* CondoRented_OwnerTests.xctest */ = {isa = PBXFileReference; explicitFileType = wrapper.cfbundle; includeInIndex = 0; path = CondoRented_OwnerTests.xctest; sourceTree = BUILT_PRODUCTS_DIR; };
		423B0C4A2BCFBFD30030AD65 /* CondoRented_OwnerTests.swift */ = {isa = PBXFileReference; lastKnownFileType = sourcecode.swift; path = CondoRented_OwnerTests.swift; sourceTree = "<group>"; };
		423B0C502BCFBFD30030AD65 /* CondoRented_OwnerUITests.xctest */ = {isa = PBXFileReference; explicitFileType = wrapper.cfbundle; includeInIndex = 0; path = CondoRented_OwnerUITests.xctest; sourceTree = BUILT_PRODUCTS_DIR; };
		423B0C542BCFBFD30030AD65 /* CondoRented_OwnerUITests.swift */ = {isa = PBXFileReference; lastKnownFileType = sourcecode.swift; path = CondoRented_OwnerUITests.swift; sourceTree = "<group>"; };
		423B0C562BCFBFD30030AD65 /* CondoRented_OwnerUITestsLaunchTests.swift */ = {isa = PBXFileReference; lastKnownFileType = sourcecode.swift; path = CondoRented_OwnerUITestsLaunchTests.swift; sourceTree = "<group>"; };
		423B0C662BCFC1B30030AD65 /* Currency.swift */ = {isa = PBXFileReference; lastKnownFileType = sourcecode.swift; path = Currency.swift; sourceTree = "<group>"; };
		423B0C682BCFC2D00030AD65 /* Transaction.swift */ = {isa = PBXFileReference; lastKnownFileType = sourcecode.swift; path = Transaction.swift; sourceTree = "<group>"; };
		423B0C6E2BCFCAD30030AD65 /* AdminFee.swift */ = {isa = PBXFileReference; lastKnownFileType = sourcecode.swift; path = AdminFee.swift; sourceTree = "<group>"; };
		423B0C702BCFCB6F0030AD65 /* Listing.swift */ = {isa = PBXFileReference; lastKnownFileType = sourcecode.swift; path = Listing.swift; sourceTree = "<group>"; };
		423B0C722BD021280030AD65 /* ModelContainer.swift */ = {isa = PBXFileReference; lastKnownFileType = sourcecode.swift; path = ModelContainer.swift; sourceTree = "<group>"; };
		423B0C742BD18DF80030AD65 /* AddEditListingView.swift */ = {isa = PBXFileReference; lastKnownFileType = sourcecode.swift; path = AddEditListingView.swift; sourceTree = "<group>"; };
		423B0C792BD96F370030AD65 /* AdminFeeDetail.swift */ = {isa = PBXFileReference; lastKnownFileType = sourcecode.swift; path = AdminFeeDetail.swift; sourceTree = "<group>"; };
		423B0C7B2BD974A00030AD65 /* NewAdminFeeView.swift */ = {isa = PBXFileReference; lastKnownFileType = sourcecode.swift; path = NewAdminFeeView.swift; sourceTree = "<group>"; };
		423B0C7D2BE279190030AD65 /* Admin.swift */ = {isa = PBXFileReference; lastKnownFileType = sourcecode.swift; path = Admin.swift; sourceTree = "<group>"; };
		423B0D072BE958D70030AD65 /* TransactionSummaryListView.swift */ = {isa = PBXFileReference; lastKnownFileType = sourcecode.swift; path = TransactionSummaryListView.swift; sourceTree = "<group>"; };
		423B0D092BE9593D0030AD65 /* TransactionSummaryListMonth.swift */ = {isa = PBXFileReference; lastKnownFileType = sourcecode.swift; path = TransactionSummaryListMonth.swift; sourceTree = "<group>"; };
		423B0D0B2BEA29DC0030AD65 /* TransactionHelper.swift */ = {isa = PBXFileReference; lastKnownFileType = sourcecode.swift; path = TransactionHelper.swift; sourceTree = "<group>"; };
		423B0D232BF35C5E0030AD65 /* TransactionSummaryListViewModel.swift */ = {isa = PBXFileReference; lastKnownFileType = sourcecode.swift; path = TransactionSummaryListViewModel.swift; sourceTree = "<group>"; };
		423B0D262BF364170030AD65 /* TransactionDataSource.swift */ = {isa = PBXFileReference; lastKnownFileType = sourcecode.swift; path = TransactionDataSource.swift; sourceTree = "<group>"; };
		423B0D292BF52E1B0030AD65 /* AddEditTransactionView.swift */ = {isa = PBXFileReference; lastKnownFileType = sourcecode.swift; path = AddEditTransactionView.swift; sourceTree = "<group>"; };
		423B0D2B2BF52E270030AD65 /* AddEditTransactionViewModel.swift */ = {isa = PBXFileReference; lastKnownFileType = sourcecode.swift; path = AddEditTransactionViewModel.swift; sourceTree = "<group>"; };
		423B0D302BF535F20030AD65 /* ListingDataSource.swift */ = {isa = PBXFileReference; lastKnownFileType = sourcecode.swift; path = ListingDataSource.swift; sourceTree = "<group>"; };
		423B0D322BF605DB0030AD65 /* AppDataSource.swift */ = {isa = PBXFileReference; lastKnownFileType = sourcecode.swift; path = AppDataSource.swift; sourceTree = "<group>"; };
		423B0D342BF647020030AD65 /* TransactionCoordinator.swift */ = {isa = PBXFileReference; lastKnownFileType = sourcecode.swift; path = TransactionCoordinator.swift; sourceTree = "<group>"; };
		423B0D372BFFA55F0030AD65 /* TransactionMonthDetailView.swift */ = {isa = PBXFileReference; lastKnownFileType = sourcecode.swift; path = TransactionMonthDetailView.swift; sourceTree = "<group>"; };
		423B0D392BFFB0C10030AD65 /* TransactionMonthDetailViewModel.swift */ = {isa = PBXFileReference; lastKnownFileType = sourcecode.swift; path = TransactionMonthDetailViewModel.swift; sourceTree = "<group>"; };
		423B0D452C0655C10030AD65 /* MonthTransactionsChartPieView.swift */ = {isa = PBXFileReference; lastKnownFileType = sourcecode.swift; path = MonthTransactionsChartPieView.swift; sourceTree = "<group>"; };
		428482022C32B362006336A1 /* GoogleService-Info.plist */ = {isa = PBXFileReference; fileEncoding = 4; lastKnownFileType = text.plist.xml; path = "GoogleService-Info.plist"; sourceTree = "<group>"; };
/* End PBXFileReference section */

/* Begin PBXFrameworksBuildPhase section */
		423B0C302BCFBFD10030AD65 /* Frameworks */ = {
			isa = PBXFrameworksBuildPhase;
			buildActionMask = 2147483647;
			files = (
				428481FB2C32B18C006336A1 /* FirebaseDatabaseSwift in Frameworks */,
				428481F72C32B18C006336A1 /* FirebaseCrashlytics in Frameworks */,
				428481F52C32B18C006336A1 /* FirebaseAnalyticsSwift in Frameworks */,
				428481F92C32B18C006336A1 /* FirebaseDatabase in Frameworks */,
				428481F32C32B18C006336A1 /* FirebaseAnalytics in Frameworks */,
				428481FD2C32B18C006336A1 /* FirebaseFirestore in Frameworks */,
				428481FF2C32B18C006336A1 /* FirebaseFirestoreCombine-Community in Frameworks */,
				428482012C32B18C006336A1 /* FirebaseFirestoreSwift in Frameworks */,
			);
			runOnlyForDeploymentPostprocessing = 0;
		};
		423B0C432BCFBFD30030AD65 /* Frameworks */ = {
			isa = PBXFrameworksBuildPhase;
			buildActionMask = 2147483647;
			files = (
			);
			runOnlyForDeploymentPostprocessing = 0;
		};
		423B0C4D2BCFBFD30030AD65 /* Frameworks */ = {
			isa = PBXFrameworksBuildPhase;
			buildActionMask = 2147483647;
			files = (
			);
			runOnlyForDeploymentPostprocessing = 0;
		};
/* End PBXFrameworksBuildPhase section */

/* Begin PBXGroup section */
		423B0C2A2BCFBFD10030AD65 = {
			isa = PBXGroup;
			children = (
				423B0C352BCFBFD20030AD65 /* CondoRented_Owner */,
				423B0C492BCFBFD30030AD65 /* CondoRented_OwnerTests */,
				423B0C532BCFBFD30030AD65 /* CondoRented_OwnerUITests */,
				423B0C342BCFBFD10030AD65 /* Products */,
			);
			sourceTree = "<group>";
		};
		423B0C342BCFBFD10030AD65 /* Products */ = {
			isa = PBXGroup;
			children = (
				423B0C332BCFBFD10030AD65 /* CondoRented_Owner.app */,
				423B0C462BCFBFD30030AD65 /* CondoRented_OwnerTests.xctest */,
				423B0C502BCFBFD30030AD65 /* CondoRented_OwnerUITests.xctest */,
			);
			name = Products;
			sourceTree = "<group>";
		};
		423B0C352BCFBFD20030AD65 /* CondoRented_Owner */ = {
			isa = PBXGroup;
			children = (
				428482022C32B362006336A1 /* GoogleService-Info.plist */,
				423B0C362BCFBFD20030AD65 /* CondoRented_OwnerApp.swift */,
				423B0C632BCFC02C0030AD65 /* Models */,
				423B0D062BE9588F0030AD65 /* Transactions */,
				423B0C762BD18DFF0030AD65 /* Listing */,
				423B0D0B2BEA29DC0030AD65 /* TransactionHelper.swift */,
				423B0C3C2BCFBFD30030AD65 /* Assets.xcassets */,
				423B0C3E2BCFBFD30030AD65 /* CondoRented_Owner.entitlements */,
				423B0C3F2BCFBFD30030AD65 /* Preview Content */,
			);
			path = CondoRented_Owner;
			sourceTree = "<group>";
		};
		423B0C3F2BCFBFD30030AD65 /* Preview Content */ = {
			isa = PBXGroup;
			children = (
				423B0C402BCFBFD30030AD65 /* Preview Assets.xcassets */,
			);
			path = "Preview Content";
			sourceTree = "<group>";
		};
		423B0C492BCFBFD30030AD65 /* CondoRented_OwnerTests */ = {
			isa = PBXGroup;
			children = (
				423B0C4A2BCFBFD30030AD65 /* CondoRented_OwnerTests.swift */,
			);
			path = CondoRented_OwnerTests;
			sourceTree = "<group>";
		};
		423B0C532BCFBFD30030AD65 /* CondoRented_OwnerUITests */ = {
			isa = PBXGroup;
			children = (
				423B0C542BCFBFD30030AD65 /* CondoRented_OwnerUITests.swift */,
				423B0C562BCFBFD30030AD65 /* CondoRented_OwnerUITestsLaunchTests.swift */,
			);
			path = CondoRented_OwnerUITests;
			sourceTree = "<group>";
		};
		423B0C632BCFC02C0030AD65 /* Models */ = {
			isa = PBXGroup;
			children = (
				423B0C662BCFC1B30030AD65 /* Currency.swift */,
				423B0C682BCFC2D00030AD65 /* Transaction.swift */,
				423B0C6E2BCFCAD30030AD65 /* AdminFee.swift */,
				423B0C7D2BE279190030AD65 /* Admin.swift */,
				423B0C702BCFCB6F0030AD65 /* Listing.swift */,
				423B0C722BD021280030AD65 /* ModelContainer.swift */,
			);
			path = Models;
			sourceTree = "<group>";
		};
		423B0C762BD18DFF0030AD65 /* Listing */ = {
			isa = PBXGroup;
			children = (
				423B0C382BCFBFD20030AD65 /* ContentView.swift */,
				423B0C742BD18DF80030AD65 /* AddEditListingView.swift */,
				423B0C792BD96F370030AD65 /* AdminFeeDetail.swift */,
				423B0C7B2BD974A00030AD65 /* NewAdminFeeView.swift */,
			);
			path = Listing;
			sourceTree = "<group>";
		};
		423B0D062BE9588F0030AD65 /* Transactions */ = {
			isa = PBXGroup;
			children = (
				423B0D362BFFA52C0030AD65 /* TransactionMonthDetailView */,
				423B0D282BF52CC30030AD65 /* AddEditTransaction */,
				423B0D252BF35C690030AD65 /* TransactionSummaryListView */,
				423B0D2D2BF5354F0030AD65 /* DataSource */,
				423B0D342BF647020030AD65 /* TransactionCoordinator.swift */,
			);
			path = Transactions;
			sourceTree = "<group>";
		};
		423B0D252BF35C690030AD65 /* TransactionSummaryListView */ = {
			isa = PBXGroup;
			children = (
				423B0D232BF35C5E0030AD65 /* TransactionSummaryListViewModel.swift */,
				423B0D072BE958D70030AD65 /* TransactionSummaryListView.swift */,
				423B0D092BE9593D0030AD65 /* TransactionSummaryListMonth.swift */,
			);
			path = TransactionSummaryListView;
			sourceTree = "<group>";
		};
		423B0D282BF52CC30030AD65 /* AddEditTransaction */ = {
			isa = PBXGroup;
			children = (
				423B0D2B2BF52E270030AD65 /* AddEditTransactionViewModel.swift */,
				423B0D292BF52E1B0030AD65 /* AddEditTransactionView.swift */,
			);
			path = AddEditTransaction;
			sourceTree = "<group>";
		};
		423B0D2D2BF5354F0030AD65 /* DataSource */ = {
			isa = PBXGroup;
			children = (
				423B0D262BF364170030AD65 /* TransactionDataSource.swift */,
				423B0D302BF535F20030AD65 /* ListingDataSource.swift */,
				423B0D322BF605DB0030AD65 /* AppDataSource.swift */,
			);
			path = DataSource;
			sourceTree = "<group>";
		};
		423B0D362BFFA52C0030AD65 /* TransactionMonthDetailView */ = {
			isa = PBXGroup;
			children = (
				423B0D392BFFB0C10030AD65 /* TransactionMonthDetailViewModel.swift */,
				423B0D372BFFA55F0030AD65 /* TransactionMonthDetailView.swift */,
				423B0D452C0655C10030AD65 /* MonthTransactionsChartPieView.swift */,
			);
			path = TransactionMonthDetailView;
			sourceTree = "<group>";
		};
/* End PBXGroup section */

/* Begin PBXNativeTarget section */
		423B0C322BCFBFD10030AD65 /* CondoRented_Owner */ = {
			isa = PBXNativeTarget;
			buildConfigurationList = 423B0C5A2BCFBFD30030AD65 /* Build configuration list for PBXNativeTarget "CondoRented_Owner" */;
			buildPhases = (
				423B0C2F2BCFBFD10030AD65 /* Sources */,
				423B0C302BCFBFD10030AD65 /* Frameworks */,
				423B0C312BCFBFD10030AD65 /* Resources */,
			);
			buildRules = (
			);
			dependencies = (
			);
			name = CondoRented_Owner;
			packageProductDependencies = (
				428481F22C32B18C006336A1 /* FirebaseAnalytics */,
				428481F42C32B18C006336A1 /* FirebaseAnalyticsSwift */,
				428481F62C32B18C006336A1 /* FirebaseCrashlytics */,
				428481F82C32B18C006336A1 /* FirebaseDatabase */,
				428481FA2C32B18C006336A1 /* FirebaseDatabaseSwift */,
				428481FC2C32B18C006336A1 /* FirebaseFirestore */,
				428481FE2C32B18C006336A1 /* FirebaseFirestoreCombine-Community */,
				428482002C32B18C006336A1 /* FirebaseFirestoreSwift */,
			);
			productName = CondoRented_Owner;
			productReference = 423B0C332BCFBFD10030AD65 /* CondoRented_Owner.app */;
			productType = "com.apple.product-type.application";
		};
		423B0C452BCFBFD30030AD65 /* CondoRented_OwnerTests */ = {
			isa = PBXNativeTarget;
			buildConfigurationList = 423B0C5D2BCFBFD30030AD65 /* Build configuration list for PBXNativeTarget "CondoRented_OwnerTests" */;
			buildPhases = (
				423B0C422BCFBFD30030AD65 /* Sources */,
				423B0C432BCFBFD30030AD65 /* Frameworks */,
				423B0C442BCFBFD30030AD65 /* Resources */,
			);
			buildRules = (
			);
			dependencies = (
				423B0C482BCFBFD30030AD65 /* PBXTargetDependency */,
			);
			name = CondoRented_OwnerTests;
			productName = CondoRented_OwnerTests;
			productReference = 423B0C462BCFBFD30030AD65 /* CondoRented_OwnerTests.xctest */;
			productType = "com.apple.product-type.bundle.unit-test";
		};
		423B0C4F2BCFBFD30030AD65 /* CondoRented_OwnerUITests */ = {
			isa = PBXNativeTarget;
			buildConfigurationList = 423B0C602BCFBFD30030AD65 /* Build configuration list for PBXNativeTarget "CondoRented_OwnerUITests" */;
			buildPhases = (
				423B0C4C2BCFBFD30030AD65 /* Sources */,
				423B0C4D2BCFBFD30030AD65 /* Frameworks */,
				423B0C4E2BCFBFD30030AD65 /* Resources */,
			);
			buildRules = (
			);
			dependencies = (
				423B0C522BCFBFD30030AD65 /* PBXTargetDependency */,
			);
			name = CondoRented_OwnerUITests;
			productName = CondoRented_OwnerUITests;
			productReference = 423B0C502BCFBFD30030AD65 /* CondoRented_OwnerUITests.xctest */;
			productType = "com.apple.product-type.bundle.ui-testing";
		};
/* End PBXNativeTarget section */

/* Begin PBXProject section */
		423B0C2B2BCFBFD10030AD65 /* Project object */ = {
			isa = PBXProject;
			attributes = {
				BuildIndependentTargetsInParallel = 1;
				LastSwiftUpdateCheck = 1530;
				LastUpgradeCheck = 1530;
				TargetAttributes = {
					423B0C322BCFBFD10030AD65 = {
						CreatedOnToolsVersion = 15.3;
					};
					423B0C452BCFBFD30030AD65 = {
						CreatedOnToolsVersion = 15.3;
						TestTargetID = 423B0C322BCFBFD10030AD65;
					};
					423B0C4F2BCFBFD30030AD65 = {
						CreatedOnToolsVersion = 15.3;
						TestTargetID = 423B0C322BCFBFD10030AD65;
					};
				};
			};
			buildConfigurationList = 423B0C2E2BCFBFD10030AD65 /* Build configuration list for PBXProject "CondoRented_Owner" */;
			compatibilityVersion = "Xcode 14.0";
			developmentRegion = en;
			hasScannedForEncodings = 0;
			knownRegions = (
				en,
				Base,
			);
			mainGroup = 423B0C2A2BCFBFD10030AD65;
			packageReferences = (
				428481F12C32B18C006336A1 /* XCRemoteSwiftPackageReference "firebase-ios-sdk" */,
			);
			productRefGroup = 423B0C342BCFBFD10030AD65 /* Products */;
			projectDirPath = "";
			projectRoot = "";
			targets = (
				423B0C322BCFBFD10030AD65 /* CondoRented_Owner */,
				423B0C452BCFBFD30030AD65 /* CondoRented_OwnerTests */,
				423B0C4F2BCFBFD30030AD65 /* CondoRented_OwnerUITests */,
			);
		};
/* End PBXProject section */

/* Begin PBXResourcesBuildPhase section */
		423B0C312BCFBFD10030AD65 /* Resources */ = {
			isa = PBXResourcesBuildPhase;
			buildActionMask = 2147483647;
			files = (
				423B0C412BCFBFD30030AD65 /* Preview Assets.xcassets in Resources */,
				423B0C3D2BCFBFD30030AD65 /* Assets.xcassets in Resources */,
				428482032C32B362006336A1 /* GoogleService-Info.plist in Resources */,
			);
			runOnlyForDeploymentPostprocessing = 0;
		};
		423B0C442BCFBFD30030AD65 /* Resources */ = {
			isa = PBXResourcesBuildPhase;
			buildActionMask = 2147483647;
			files = (
			);
			runOnlyForDeploymentPostprocessing = 0;
		};
		423B0C4E2BCFBFD30030AD65 /* Resources */ = {
			isa = PBXResourcesBuildPhase;
			buildActionMask = 2147483647;
			files = (
			);
			runOnlyForDeploymentPostprocessing = 0;
		};
/* End PBXResourcesBuildPhase section */

/* Begin PBXSourcesBuildPhase section */
		423B0C2F2BCFBFD10030AD65 /* Sources */ = {
			isa = PBXSourcesBuildPhase;
			buildActionMask = 2147483647;
			files = (
				423B0C7C2BD974A00030AD65 /* NewAdminFeeView.swift in Sources */,
				423B0C732BD021280030AD65 /* ModelContainer.swift in Sources */,
				423B0D082BE958D70030AD65 /* TransactionSummaryListView.swift in Sources */,
				423B0D312BF535F20030AD65 /* ListingDataSource.swift in Sources */,
				423B0C6F2BCFCAD30030AD65 /* AdminFee.swift in Sources */,
				423B0C712BCFCB6F0030AD65 /* Listing.swift in Sources */,
				423B0D332BF605DB0030AD65 /* AppDataSource.swift in Sources */,
				423B0D0A2BE9593D0030AD65 /* TransactionSummaryListMonth.swift in Sources */,
				423B0D462C0655C10030AD65 /* MonthTransactionsChartPieView.swift in Sources */,
				423B0C672BCFC1B30030AD65 /* Currency.swift in Sources */,
				423B0D272BF364170030AD65 /* TransactionDataSource.swift in Sources */,
				423B0C692BCFC2D00030AD65 /* Transaction.swift in Sources */,
				423B0D0C2BEA29DC0030AD65 /* TransactionHelper.swift in Sources */,
				423B0D242BF35C5E0030AD65 /* TransactionSummaryListViewModel.swift in Sources */,
				423B0D352BF647020030AD65 /* TransactionCoordinator.swift in Sources */,
				423B0D3A2BFFB0C10030AD65 /* TransactionMonthDetailViewModel.swift in Sources */,
				423B0D382BFFA55F0030AD65 /* TransactionMonthDetailView.swift in Sources */,
				423B0D2C2BF52E270030AD65 /* AddEditTransactionViewModel.swift in Sources */,
				423B0C392BCFBFD20030AD65 /* ContentView.swift in Sources */,
				423B0C372BCFBFD20030AD65 /* CondoRented_OwnerApp.swift in Sources */,
				423B0D2A2BF52E1B0030AD65 /* AddEditTransactionView.swift in Sources */,
				423B0C752BD18DF80030AD65 /* AddEditListingView.swift in Sources */,
				423B0C7A2BD96F370030AD65 /* AdminFeeDetail.swift in Sources */,
				423B0C7E2BE279190030AD65 /* Admin.swift in Sources */,
			);
			runOnlyForDeploymentPostprocessing = 0;
		};
		423B0C422BCFBFD30030AD65 /* Sources */ = {
			isa = PBXSourcesBuildPhase;
			buildActionMask = 2147483647;
			files = (
				423B0D412C011FD30030AD65 /* AppDataSource.swift in Sources */,
				423B0D422C011FD30030AD65 /* TransactionDataSource.swift in Sources */,
				423B0D432C011FD30030AD65 /* ListingDataSource.swift in Sources */,
				423B0D3B2C011FBA0030AD65 /* Admin.swift in Sources */,
				423B0D3C2C011FBA0030AD65 /* Listing.swift in Sources */,
				423B0D3D2C011FBA0030AD65 /* Currency.swift in Sources */,
				423B0D3E2C011FBA0030AD65 /* AdminFee.swift in Sources */,
				423B0D3F2C011FBA0030AD65 /* Transaction.swift in Sources */,
				423B0D442C0120090030AD65 /* TransactionHelper.swift in Sources */,
				423B0D402C011FBA0030AD65 /* ModelContainer.swift in Sources */,
				423B0C4B2BCFBFD30030AD65 /* CondoRented_OwnerTests.swift in Sources */,
			);
			runOnlyForDeploymentPostprocessing = 0;
		};
		423B0C4C2BCFBFD30030AD65 /* Sources */ = {
			isa = PBXSourcesBuildPhase;
			buildActionMask = 2147483647;
			files = (
				423B0C572BCFBFD30030AD65 /* CondoRented_OwnerUITestsLaunchTests.swift in Sources */,
				423B0C552BCFBFD30030AD65 /* CondoRented_OwnerUITests.swift in Sources */,
			);
			runOnlyForDeploymentPostprocessing = 0;
		};
/* End PBXSourcesBuildPhase section */

/* Begin PBXTargetDependency section */
		423B0C482BCFBFD30030AD65 /* PBXTargetDependency */ = {
			isa = PBXTargetDependency;
			target = 423B0C322BCFBFD10030AD65 /* CondoRented_Owner */;
			targetProxy = 423B0C472BCFBFD30030AD65 /* PBXContainerItemProxy */;
		};
		423B0C522BCFBFD30030AD65 /* PBXTargetDependency */ = {
			isa = PBXTargetDependency;
			target = 423B0C322BCFBFD10030AD65 /* CondoRented_Owner */;
			targetProxy = 423B0C512BCFBFD30030AD65 /* PBXContainerItemProxy */;
		};
/* End PBXTargetDependency section */

/* Begin XCBuildConfiguration section */
		423B0C582BCFBFD30030AD65 /* Debug */ = {
			isa = XCBuildConfiguration;
			buildSettings = {
				ALWAYS_SEARCH_USER_PATHS = NO;
				ASSETCATALOG_COMPILER_GENERATE_SWIFT_ASSET_SYMBOL_EXTENSIONS = YES;
				CLANG_ANALYZER_NONNULL = YES;
				CLANG_ANALYZER_NUMBER_OBJECT_CONVERSION = YES_AGGRESSIVE;
				CLANG_CXX_LANGUAGE_STANDARD = "gnu++20";
				CLANG_ENABLE_MODULES = YES;
				CLANG_ENABLE_OBJC_ARC = YES;
				CLANG_ENABLE_OBJC_WEAK = YES;
				CLANG_WARN_BLOCK_CAPTURE_AUTORELEASING = YES;
				CLANG_WARN_BOOL_CONVERSION = YES;
				CLANG_WARN_COMMA = YES;
				CLANG_WARN_CONSTANT_CONVERSION = YES;
				CLANG_WARN_DEPRECATED_OBJC_IMPLEMENTATIONS = YES;
				CLANG_WARN_DIRECT_OBJC_ISA_USAGE = YES_ERROR;
				CLANG_WARN_DOCUMENTATION_COMMENTS = YES;
				CLANG_WARN_EMPTY_BODY = YES;
				CLANG_WARN_ENUM_CONVERSION = YES;
				CLANG_WARN_INFINITE_RECURSION = YES;
				CLANG_WARN_INT_CONVERSION = YES;
				CLANG_WARN_NON_LITERAL_NULL_CONVERSION = YES;
				CLANG_WARN_OBJC_IMPLICIT_RETAIN_SELF = YES;
				CLANG_WARN_OBJC_LITERAL_CONVERSION = YES;
				CLANG_WARN_OBJC_ROOT_CLASS = YES_ERROR;
				CLANG_WARN_QUOTED_INCLUDE_IN_FRAMEWORK_HEADER = YES;
				CLANG_WARN_RANGE_LOOP_ANALYSIS = YES;
				CLANG_WARN_STRICT_PROTOTYPES = YES;
				CLANG_WARN_SUSPICIOUS_MOVE = YES;
				CLANG_WARN_UNGUARDED_AVAILABILITY = YES_AGGRESSIVE;
				CLANG_WARN_UNREACHABLE_CODE = YES;
				CLANG_WARN__DUPLICATE_METHOD_MATCH = YES;
				COPY_PHASE_STRIP = NO;
				DEBUG_INFORMATION_FORMAT = "dwarf-with-dsym";
				ENABLE_STRICT_OBJC_MSGSEND = YES;
				ENABLE_TESTABILITY = YES;
				ENABLE_USER_SCRIPT_SANDBOXING = YES;
				GCC_C_LANGUAGE_STANDARD = gnu17;
				GCC_DYNAMIC_NO_PIC = NO;
				GCC_NO_COMMON_BLOCKS = YES;
				GCC_OPTIMIZATION_LEVEL = 0;
				GCC_PREPROCESSOR_DEFINITIONS = (
					"DEBUG=1",
					"$(inherited)",
				);
				GCC_WARN_64_TO_32_BIT_CONVERSION = YES;
				GCC_WARN_ABOUT_RETURN_TYPE = YES_ERROR;
				GCC_WARN_UNDECLARED_SELECTOR = YES;
				GCC_WARN_UNINITIALIZED_AUTOS = YES_AGGRESSIVE;
				GCC_WARN_UNUSED_FUNCTION = YES;
				GCC_WARN_UNUSED_VARIABLE = YES;
				LOCALIZATION_PREFERS_STRING_CATALOGS = YES;
				MTL_ENABLE_DEBUG_INFO = INCLUDE_SOURCE;
				MTL_FAST_MATH = YES;
				ONLY_ACTIVE_ARCH = YES;
				SWIFT_ACTIVE_COMPILATION_CONDITIONS = "DEBUG $(inherited)";
				SWIFT_OPTIMIZATION_LEVEL = "-Onone";
			};
			name = Debug;
		};
		423B0C592BCFBFD30030AD65 /* Release */ = {
			isa = XCBuildConfiguration;
			buildSettings = {
				ALWAYS_SEARCH_USER_PATHS = NO;
				ASSETCATALOG_COMPILER_GENERATE_SWIFT_ASSET_SYMBOL_EXTENSIONS = YES;
				CLANG_ANALYZER_NONNULL = YES;
				CLANG_ANALYZER_NUMBER_OBJECT_CONVERSION = YES_AGGRESSIVE;
				CLANG_CXX_LANGUAGE_STANDARD = "gnu++20";
				CLANG_ENABLE_MODULES = YES;
				CLANG_ENABLE_OBJC_ARC = YES;
				CLANG_ENABLE_OBJC_WEAK = YES;
				CLANG_WARN_BLOCK_CAPTURE_AUTORELEASING = YES;
				CLANG_WARN_BOOL_CONVERSION = YES;
				CLANG_WARN_COMMA = YES;
				CLANG_WARN_CONSTANT_CONVERSION = YES;
				CLANG_WARN_DEPRECATED_OBJC_IMPLEMENTATIONS = YES;
				CLANG_WARN_DIRECT_OBJC_ISA_USAGE = YES_ERROR;
				CLANG_WARN_DOCUMENTATION_COMMENTS = YES;
				CLANG_WARN_EMPTY_BODY = YES;
				CLANG_WARN_ENUM_CONVERSION = YES;
				CLANG_WARN_INFINITE_RECURSION = YES;
				CLANG_WARN_INT_CONVERSION = YES;
				CLANG_WARN_NON_LITERAL_NULL_CONVERSION = YES;
				CLANG_WARN_OBJC_IMPLICIT_RETAIN_SELF = YES;
				CLANG_WARN_OBJC_LITERAL_CONVERSION = YES;
				CLANG_WARN_OBJC_ROOT_CLASS = YES_ERROR;
				CLANG_WARN_QUOTED_INCLUDE_IN_FRAMEWORK_HEADER = YES;
				CLANG_WARN_RANGE_LOOP_ANALYSIS = YES;
				CLANG_WARN_STRICT_PROTOTYPES = YES;
				CLANG_WARN_SUSPICIOUS_MOVE = YES;
				CLANG_WARN_UNGUARDED_AVAILABILITY = YES_AGGRESSIVE;
				CLANG_WARN_UNREACHABLE_CODE = YES;
				CLANG_WARN__DUPLICATE_METHOD_MATCH = YES;
				COPY_PHASE_STRIP = NO;
				DEBUG_INFORMATION_FORMAT = "dwarf-with-dsym";
				ENABLE_NS_ASSERTIONS = NO;
				ENABLE_STRICT_OBJC_MSGSEND = YES;
				ENABLE_USER_SCRIPT_SANDBOXING = YES;
				GCC_C_LANGUAGE_STANDARD = gnu17;
				GCC_NO_COMMON_BLOCKS = YES;
				GCC_WARN_64_TO_32_BIT_CONVERSION = YES;
				GCC_WARN_ABOUT_RETURN_TYPE = YES_ERROR;
				GCC_WARN_UNDECLARED_SELECTOR = YES;
				GCC_WARN_UNINITIALIZED_AUTOS = YES_AGGRESSIVE;
				GCC_WARN_UNUSED_FUNCTION = YES;
				GCC_WARN_UNUSED_VARIABLE = YES;
				LOCALIZATION_PREFERS_STRING_CATALOGS = YES;
				MTL_ENABLE_DEBUG_INFO = NO;
				MTL_FAST_MATH = YES;
				SWIFT_COMPILATION_MODE = wholemodule;
			};
			name = Release;
		};
		423B0C5B2BCFBFD30030AD65 /* Debug */ = {
			isa = XCBuildConfiguration;
			buildSettings = {
				ASSETCATALOG_COMPILER_APPICON_NAME = AppIcon;
				ASSETCATALOG_COMPILER_GLOBAL_ACCENT_COLOR_NAME = AccentColor;
				CODE_SIGN_ENTITLEMENTS = CondoRented_Owner/CondoRented_Owner.entitlements;
				CODE_SIGN_IDENTITY = "Apple Development";
				CODE_SIGN_STYLE = Automatic;
				CURRENT_PROJECT_VERSION = 1;
				DEBUG_INFORMATION_FORMAT = "dwarf-with-dsym";
				DEVELOPMENT_ASSET_PATHS = "\"CondoRented_Owner/Preview Content\"";
				DEVELOPMENT_TEAM = A5U6A6CPN6;
				ENABLE_DEBUG_DYLIB = NO;
				ENABLE_HARDENED_RUNTIME = YES;
				ENABLE_PREVIEWS = YES;
				GENERATE_INFOPLIST_FILE = YES;
				INFOPLIST_KEY_CFBundleDisplayName = Ownbnb;
				INFOPLIST_KEY_LSApplicationCategoryType = "public.app-category.lifestyle";
				"INFOPLIST_KEY_UIApplicationSceneManifest_Generation[sdk=iphoneos*]" = YES;
				"INFOPLIST_KEY_UIApplicationSceneManifest_Generation[sdk=iphonesimulator*]" = YES;
				"INFOPLIST_KEY_UIApplicationSupportsIndirectInputEvents[sdk=iphoneos*]" = YES;
				"INFOPLIST_KEY_UIApplicationSupportsIndirectInputEvents[sdk=iphonesimulator*]" = YES;
				"INFOPLIST_KEY_UILaunchScreen_Generation[sdk=iphoneos*]" = YES;
				"INFOPLIST_KEY_UILaunchScreen_Generation[sdk=iphonesimulator*]" = YES;
				"INFOPLIST_KEY_UIStatusBarStyle[sdk=iphoneos*]" = UIStatusBarStyleDefault;
				"INFOPLIST_KEY_UIStatusBarStyle[sdk=iphonesimulator*]" = UIStatusBarStyleDefault;
				INFOPLIST_KEY_UISupportedInterfaceOrientations = UIInterfaceOrientationPortrait;
				INFOPLIST_KEY_UISupportedInterfaceOrientations_iPad = "UIInterfaceOrientationLandscapeLeft UIInterfaceOrientationLandscapeRight UIInterfaceOrientationPortrait UIInterfaceOrientationPortraitUpsideDown";
				IPHONEOS_DEPLOYMENT_TARGET = 17.0;
				LD_RUNPATH_SEARCH_PATHS = "@executable_path/Frameworks";
				"LD_RUNPATH_SEARCH_PATHS[sdk=macosx*]" = "@executable_path/../Frameworks";
				MACOSX_DEPLOYMENT_TARGET = 14.0;
				MARKETING_VERSION = 1.0;
				PRODUCT_BUNDLE_IDENTIFIER = "me.busta.CondoRented-Owner";
				PRODUCT_NAME = "$(TARGET_NAME)";
				SDKROOT = auto;
				SUPPORTED_PLATFORMS = "iphoneos iphonesimulator macosx";
				SWIFT_EMIT_LOC_STRINGS = YES;
				SWIFT_VERSION = 5.0;
				TARGETED_DEVICE_FAMILY = "1,2";
			};
			name = Debug;
		};
		423B0C5C2BCFBFD30030AD65 /* Release */ = {
			isa = XCBuildConfiguration;
			buildSettings = {
				ASSETCATALOG_COMPILER_APPICON_NAME = AppIcon;
				ASSETCATALOG_COMPILER_GLOBAL_ACCENT_COLOR_NAME = AccentColor;
				CODE_SIGN_ENTITLEMENTS = CondoRented_Owner/CondoRented_Owner.entitlements;
				CODE_SIGN_IDENTITY = "Apple Development";
				CODE_SIGN_STYLE = Automatic;
				CURRENT_PROJECT_VERSION = 1;
				DEVELOPMENT_ASSET_PATHS = "\"CondoRented_Owner/Preview Content\"";
				DEVELOPMENT_TEAM = A5U6A6CPN6;
				ENABLE_HARDENED_RUNTIME = YES;
				ENABLE_PREVIEWS = YES;
				GENERATE_INFOPLIST_FILE = YES;
				INFOPLIST_KEY_CFBundleDisplayName = Ownbnb;
				INFOPLIST_KEY_LSApplicationCategoryType = "public.app-category.lifestyle";
				"INFOPLIST_KEY_UIApplicationSceneManifest_Generation[sdk=iphoneos*]" = YES;
				"INFOPLIST_KEY_UIApplicationSceneManifest_Generation[sdk=iphonesimulator*]" = YES;
				"INFOPLIST_KEY_UIApplicationSupportsIndirectInputEvents[sdk=iphoneos*]" = YES;
				"INFOPLIST_KEY_UIApplicationSupportsIndirectInputEvents[sdk=iphonesimulator*]" = YES;
				"INFOPLIST_KEY_UILaunchScreen_Generation[sdk=iphoneos*]" = YES;
				"INFOPLIST_KEY_UILaunchScreen_Generation[sdk=iphonesimulator*]" = YES;
				"INFOPLIST_KEY_UIStatusBarStyle[sdk=iphoneos*]" = UIStatusBarStyleDefault;
				"INFOPLIST_KEY_UIStatusBarStyle[sdk=iphonesimulator*]" = UIStatusBarStyleDefault;
				INFOPLIST_KEY_UISupportedInterfaceOrientations = UIInterfaceOrientationPortrait;
				INFOPLIST_KEY_UISupportedInterfaceOrientations_iPad = "UIInterfaceOrientationLandscapeLeft UIInterfaceOrientationLandscapeRight UIInterfaceOrientationPortrait UIInterfaceOrientationPortraitUpsideDown";
				IPHONEOS_DEPLOYMENT_TARGET = 17.0;
				LD_RUNPATH_SEARCH_PATHS = "@executable_path/Frameworks";
				"LD_RUNPATH_SEARCH_PATHS[sdk=macosx*]" = "@executable_path/../Frameworks";
				MACOSX_DEPLOYMENT_TARGET = 14.0;
				MARKETING_VERSION = 1.0;
				PRODUCT_BUNDLE_IDENTIFIER = "me.busta.CondoRented-Owner";
				PRODUCT_NAME = "$(TARGET_NAME)";
				SDKROOT = auto;
				SUPPORTED_PLATFORMS = "iphoneos iphonesimulator macosx";
				SWIFT_EMIT_LOC_STRINGS = YES;
				SWIFT_VERSION = 5.0;
				TARGETED_DEVICE_FAMILY = "1,2";
			};
			name = Release;
		};
		423B0C5E2BCFBFD30030AD65 /* Debug */ = {
			isa = XCBuildConfiguration;
			buildSettings = {
				ALWAYS_EMBED_SWIFT_STANDARD_LIBRARIES = YES;
				BUNDLE_LOADER = "$(TEST_HOST)";
				CODE_SIGN_STYLE = Automatic;
				CURRENT_PROJECT_VERSION = 1;
				DEVELOPMENT_TEAM = A5U6A6CPN6;
				GENERATE_INFOPLIST_FILE = YES;
				IPHONEOS_DEPLOYMENT_TARGET = 17.4;
				MACOSX_DEPLOYMENT_TARGET = 14.2;
				MARKETING_VERSION = 1.0;
				PRODUCT_BUNDLE_IDENTIFIER = "me.busta.CondoRented-OwnerTests";
				PRODUCT_NAME = "$(TARGET_NAME)";
				SDKROOT = auto;
				SUPPORTED_PLATFORMS = "iphoneos iphonesimulator macosx";
				SWIFT_EMIT_LOC_STRINGS = NO;
				SWIFT_VERSION = 5.0;
				TARGETED_DEVICE_FAMILY = "1,2";
				TEST_HOST = "$(BUILT_PRODUCTS_DIR)/CondoRented_Owner.app/$(BUNDLE_EXECUTABLE_FOLDER_PATH)/CondoRented_Owner";
			};
			name = Debug;
		};
		423B0C5F2BCFBFD30030AD65 /* Release */ = {
			isa = XCBuildConfiguration;
			buildSettings = {
				ALWAYS_EMBED_SWIFT_STANDARD_LIBRARIES = YES;
				BUNDLE_LOADER = "$(TEST_HOST)";
				CODE_SIGN_STYLE = Automatic;
				CURRENT_PROJECT_VERSION = 1;
				DEVELOPMENT_TEAM = A5U6A6CPN6;
				GENERATE_INFOPLIST_FILE = YES;
				IPHONEOS_DEPLOYMENT_TARGET = 17.4;
				MACOSX_DEPLOYMENT_TARGET = 14.2;
				MARKETING_VERSION = 1.0;
				PRODUCT_BUNDLE_IDENTIFIER = "me.busta.CondoRented-OwnerTests";
				PRODUCT_NAME = "$(TARGET_NAME)";
				SDKROOT = auto;
				SUPPORTED_PLATFORMS = "iphoneos iphonesimulator macosx";
				SWIFT_EMIT_LOC_STRINGS = NO;
				SWIFT_VERSION = 5.0;
				TARGETED_DEVICE_FAMILY = "1,2";
				TEST_HOST = "$(BUILT_PRODUCTS_DIR)/CondoRented_Owner.app/$(BUNDLE_EXECUTABLE_FOLDER_PATH)/CondoRented_Owner";
			};
			name = Release;
		};
		423B0C612BCFBFD30030AD65 /* Debug */ = {
			isa = XCBuildConfiguration;
			buildSettings = {
				ALWAYS_EMBED_SWIFT_STANDARD_LIBRARIES = YES;
				CODE_SIGN_STYLE = Automatic;
				CURRENT_PROJECT_VERSION = 1;
				DEVELOPMENT_TEAM = A5U6A6CPN6;
				GENERATE_INFOPLIST_FILE = YES;
				IPHONEOS_DEPLOYMENT_TARGET = 17.4;
				MACOSX_DEPLOYMENT_TARGET = 14.2;
				MARKETING_VERSION = 1.0;
				PRODUCT_BUNDLE_IDENTIFIER = "me.busta.CondoRented-OwnerUITests";
				PRODUCT_NAME = "$(TARGET_NAME)";
				SDKROOT = auto;
				SUPPORTED_PLATFORMS = "iphoneos iphonesimulator macosx";
				SWIFT_EMIT_LOC_STRINGS = NO;
				SWIFT_VERSION = 5.0;
				TARGETED_DEVICE_FAMILY = "1,2";
				TEST_TARGET_NAME = CondoRented_Owner;
			};
			name = Debug;
		};
		423B0C622BCFBFD30030AD65 /* Release */ = {
			isa = XCBuildConfiguration;
			buildSettings = {
				ALWAYS_EMBED_SWIFT_STANDARD_LIBRARIES = YES;
				CODE_SIGN_STYLE = Automatic;
				CURRENT_PROJECT_VERSION = 1;
				DEVELOPMENT_TEAM = A5U6A6CPN6;
				GENERATE_INFOPLIST_FILE = YES;
				IPHONEOS_DEPLOYMENT_TARGET = 17.4;
				MACOSX_DEPLOYMENT_TARGET = 14.2;
				MARKETING_VERSION = 1.0;
				PRODUCT_BUNDLE_IDENTIFIER = "me.busta.CondoRented-OwnerUITests";
				PRODUCT_NAME = "$(TARGET_NAME)";
				SDKROOT = auto;
				SUPPORTED_PLATFORMS = "iphoneos iphonesimulator macosx";
				SWIFT_EMIT_LOC_STRINGS = NO;
				SWIFT_VERSION = 5.0;
				TARGETED_DEVICE_FAMILY = "1,2";
				TEST_TARGET_NAME = CondoRented_Owner;
			};
			name = Release;
		};
/* End XCBuildConfiguration section */

/* Begin XCConfigurationList section */
		423B0C2E2BCFBFD10030AD65 /* Build configuration list for PBXProject "CondoRented_Owner" */ = {
			isa = XCConfigurationList;
			buildConfigurations = (
				423B0C582BCFBFD30030AD65 /* Debug */,
				423B0C592BCFBFD30030AD65 /* Release */,
			);
			defaultConfigurationIsVisible = 0;
			defaultConfigurationName = Release;
		};
		423B0C5A2BCFBFD30030AD65 /* Build configuration list for PBXNativeTarget "CondoRented_Owner" */ = {
			isa = XCConfigurationList;
			buildConfigurations = (
				423B0C5B2BCFBFD30030AD65 /* Debug */,
				423B0C5C2BCFBFD30030AD65 /* Release */,
			);
			defaultConfigurationIsVisible = 0;
			defaultConfigurationName = Release;
		};
		423B0C5D2BCFBFD30030AD65 /* Build configuration list for PBXNativeTarget "CondoRented_OwnerTests" */ = {
			isa = XCConfigurationList;
			buildConfigurations = (
				423B0C5E2BCFBFD30030AD65 /* Debug */,
				423B0C5F2BCFBFD30030AD65 /* Release */,
			);
			defaultConfigurationIsVisible = 0;
			defaultConfigurationName = Release;
		};
		423B0C602BCFBFD30030AD65 /* Build configuration list for PBXNativeTarget "CondoRented_OwnerUITests" */ = {
			isa = XCConfigurationList;
			buildConfigurations = (
				423B0C612BCFBFD30030AD65 /* Debug */,
				423B0C622BCFBFD30030AD65 /* Release */,
			);
			defaultConfigurationIsVisible = 0;
			defaultConfigurationName = Release;
		};
/* End XCConfigurationList section */

/* Begin XCRemoteSwiftPackageReference section */
		428481F12C32B18C006336A1 /* XCRemoteSwiftPackageReference "firebase-ios-sdk" */ = {
			isa = XCRemoteSwiftPackageReference;
			repositoryURL = "https://github.com/firebase/firebase-ios-sdk";
			requirement = {
				kind = upToNextMajorVersion;
				minimumVersion = 10.28.1;
			};
		};
/* End XCRemoteSwiftPackageReference section */

/* Begin XCSwiftPackageProductDependency section */
		428481F22C32B18C006336A1 /* FirebaseAnalytics */ = {
			isa = XCSwiftPackageProductDependency;
			package = 428481F12C32B18C006336A1 /* XCRemoteSwiftPackageReference "firebase-ios-sdk" */;
			productName = FirebaseAnalytics;
		};
		428481F42C32B18C006336A1 /* FirebaseAnalyticsSwift */ = {
			isa = XCSwiftPackageProductDependency;
			package = 428481F12C32B18C006336A1 /* XCRemoteSwiftPackageReference "firebase-ios-sdk" */;
			productName = FirebaseAnalyticsSwift;
		};
		428481F62C32B18C006336A1 /* FirebaseCrashlytics */ = {
			isa = XCSwiftPackageProductDependency;
			package = 428481F12C32B18C006336A1 /* XCRemoteSwiftPackageReference "firebase-ios-sdk" */;
			productName = FirebaseCrashlytics;
		};
		428481F82C32B18C006336A1 /* FirebaseDatabase */ = {
			isa = XCSwiftPackageProductDependency;
			package = 428481F12C32B18C006336A1 /* XCRemoteSwiftPackageReference "firebase-ios-sdk" */;
			productName = FirebaseDatabase;
		};
		428481FA2C32B18C006336A1 /* FirebaseDatabaseSwift */ = {
			isa = XCSwiftPackageProductDependency;
			package = 428481F12C32B18C006336A1 /* XCRemoteSwiftPackageReference "firebase-ios-sdk" */;
			productName = FirebaseDatabaseSwift;
		};
		428481FC2C32B18C006336A1 /* FirebaseFirestore */ = {
			isa = XCSwiftPackageProductDependency;
			package = 428481F12C32B18C006336A1 /* XCRemoteSwiftPackageReference "firebase-ios-sdk" */;
			productName = FirebaseFirestore;
		};
		428481FE2C32B18C006336A1 /* FirebaseFirestoreCombine-Community */ = {
			isa = XCSwiftPackageProductDependency;
			package = 428481F12C32B18C006336A1 /* XCRemoteSwiftPackageReference "firebase-ios-sdk" */;
			productName = "FirebaseFirestoreCombine-Community";
		};
		428482002C32B18C006336A1 /* FirebaseFirestoreSwift */ = {
			isa = XCSwiftPackageProductDependency;
			package = 428481F12C32B18C006336A1 /* XCRemoteSwiftPackageReference "firebase-ios-sdk" */;
			productName = FirebaseFirestoreSwift;
		};
/* End XCSwiftPackageProductDependency section */
	};
	rootObject = 423B0C2B2BCFBFD10030AD65 /* Project object */;
}
